
Microsoft Visual Studio Solution File, Format Version 12.00
# Visual Studio Version 17
VisualStudioVersion = 17.1.32421.90
MinimumVisualStudioVersion = 10.0.40219.1
Project("{FAE04EC0-301F-11D3-BF4B-00C04F79EFBC}") = "API project1", "API project1\API project1.csproj", "{2FB132F8-11FD-49B6-A53F-0F51BBD4F357}"
EndProject
Global
	GlobalSection(SolutionConfigurationPlatforms) = preSolution
		Debug|Any CPU = Debug|Any CPU
		Release|Any CPU = Release|Any CPU
	EndGlobalSection
	GlobalSection(ProjectConfigurationPlatforms) = postSolution
		{2FB132F8-11FD-49B6-A53F-0F51BBD4F357}.Debug|Any CPU.ActiveCfg = Debug|Any CPU
		{2FB132F8-11FD-49B6-A53F-0F51BBD4F357}.Debug|Any CPU.Build.0 = Debug|Any CPU
		{2FB132F8-11FD-49B6-A53F-0F51BBD4F357}.Release|Any CPU.ActiveCfg = Release|Any CPU
		{2FB132F8-11FD-49B6-A53F-0F51BBD4F357}.Release|Any CPU.Build.0 = Release|Any CPU
	EndGlobalSection
	GlobalSection(SolutionProperties) = preSolution
		HideSolutionNode = FALSE
	EndGlobalSection
	GlobalSection(ExtensibilityGlobals) = postSolution
		SolutionGuid = {BE0AE20E-559B-4E59-A239-CF39A3101CCD}
	EndGlobalSection
EndGlobal
